<?xml version="1.0" encoding="utf-8"?>
<Project ToolsVersion="4.0" xmlns="http://schemas.microsoft.com/developer/msbuild/2003">
  <ItemGroup>
    <Filter Include="Source Files">
      <UniqueIdentifier>{4FC737F1-C7A5-4376-A066-2A32D752A2FF}</UniqueIdentifier>
      <Extensions>cpp;c;cc;cxx;c++;cppm;ixx;def;odl;idl;hpj;bat;asm;asmx</Extensions>
    </Filter>
    <Filter Include="Header Files">
      <UniqueIdentifier>{93995380-89BD-4b04-88EB-625FBE52EBFB}</UniqueIdentifier>
      <Extensions>h;hh;hpp;hxx;h++;hm;inl;inc;ipp;xsd</Extensions>
    </Filter>
    <Filter Include="Resource Files">
      <UniqueIdentifier>{67DA6AB6-F800-4c08-8B7A-83BB121AAD01}</UniqueIdentifier>
      <Extensions>rc;ico;cur;bmp;dlg;rc2;rct;bin;rgs;gif;jpg;jpeg;jpe;resx;tiff;tif;png;wav;mfcribbon-ms</Extensions>
    </Filter>
    <Filter Include="Animation">
      <UniqueIdentifier>{65271181-d09c-46df-844e-1555bd7c5176}</UniqueIdentifier>
    </Filter>
    <Filter Include="Debug">
      <UniqueIdentifier>{7942604d-e157-442c-a32a-32c10d56a99b}</UniqueIdentifier>
    </Filter>
    <Filter Include="GameObject">
      <UniqueIdentifier>{5fa8c2d1-7d12-46fd-95f4-573bb3d33e3f}</UniqueIdentifier>
    </Filter>
    <Filter Include="Game">
      <UniqueIdentifier>{ef6eb0ac-f95e-4c38-90e1-7b8ab78f8238}</UniqueIdentifier>
    </Filter>
    <Filter Include="Sprite">
      <UniqueIdentifier>{5718604a-bd95-4c6d-8757-30562f781985}</UniqueIdentifier>
    </Filter>
    <Filter Include="Texture">
      <UniqueIdentifier>{b52a5b79-70c7-44c6-9401-c3c32f30be73}</UniqueIdentifier>
    </Filter>
    <Filter Include="Enemy">
      <UniqueIdentifier>{d9f890a8-be73-4b45-b539-cf7c13b25e58}</UniqueIdentifier>
    </Filter>
    <Filter Include="Utils">
      <UniqueIdentifier>{e685127b-2a94-4c5f-94c6-27c84bb025c1}</UniqueIdentifier>
    </Filter>
    <Filter Include="SampleKeyEventHandler">
      <UniqueIdentifier>{0f10c341-daf2-4abe-a6f5-3ef262239e58}</UniqueIdentifier>
    </Filter>
    <Filter Include="Scene">
      <UniqueIdentifier>{8bfd62b0-0b6c-41b6-a742-939387f57a94}</UniqueIdentifier>
    </Filter>
    <Filter Include="EffectItem">
      <UniqueIdentifier>{adc88743-7bd7-4065-86ee-5d94aaf6e94c}</UniqueIdentifier>
    </Filter>
    <Filter Include="Enemy\Blackfoot">
      <UniqueIdentifier>{f34fd88a-a9af-4084-a60d-10020fc7788e}</UniqueIdentifier>
    </Filter>
    <Filter Include="Enemy\Sunami">
      <UniqueIdentifier>{6f9e77dc-5765-4050-92ea-ad7c4488333b}</UniqueIdentifier>
    </Filter>
    <Filter Include="Enemy\Eyelet">
      <UniqueIdentifier>{c70e581e-d8fe-4ce0-ba07-c646cf9a6373}</UniqueIdentifier>
    </Filter>
    <Filter Include="Enemy\Bellbomber">
      <UniqueIdentifier>{dff34d7d-924f-431d-b3c8-43bacb90268b}</UniqueIdentifier>
    </Filter>
    <Filter Include="Enemy\Ground">
      <UniqueIdentifier>{217f4363-71bc-406e-b0b5-7799e8332c78}</UniqueIdentifier>
    </Filter>
    <Filter Include="Camera">
      <UniqueIdentifier>{f3c50114-5fb0-4ecb-8b18-5d20f59d9703}</UniqueIdentifier>
    </Filter>
    <Filter Include="Quadtree">
      <UniqueIdentifier>{5cd02578-28be-4be5-bfb4-add87b411619}</UniqueIdentifier>
    </Filter>
    <Filter Include="Colision">
      <UniqueIdentifier>{4dbd7383-ec2f-4798-9dc9-e2e066484f98}</UniqueIdentifier>
    </Filter>
    <Filter Include="Player">
      <UniqueIdentifier>{fe0f1254-be34-4287-b98d-97a820993b11}</UniqueIdentifier>
    </Filter>
    <Filter Include="Player\SmallJason">
      <UniqueIdentifier>{5ebcbd12-e0cc-43d1-93eb-ff1a97d8ad5c}</UniqueIdentifier>
    </Filter>
  </ItemGroup>
  <ItemGroup>
    <None Include="packages.config" />
  </ItemGroup>
  <ItemGroup>
    <ClCompile Include="Animation.cpp">
      <Filter>Animation</Filter>
    </ClCompile>
    <ClCompile Include="Animations.cpp">
      <Filter>Animation</Filter>
    </ClCompile>
    <ClCompile Include="Gameobject.cpp">
      <Filter>GameObject</Filter>
    </ClCompile>
    <ClCompile Include="Textures.cpp">
      <Filter>Texture</Filter>
    </ClCompile>
    <ClCompile Include="Game.cpp">
      <Filter>Game</Filter>
    </ClCompile>
    <ClCompile Include="utils.cpp">
      <Filter>Utils</Filter>
    </ClCompile>
    <ClCompile Include="Sprite.cpp">
      <Filter>Sprite</Filter>
    </ClCompile>
    <ClCompile Include="Sprites.cpp">
      <Filter>Sprite</Filter>
    </ClCompile>
    <ClCompile Include="Debug.cpp">
      <Filter>Debug</Filter>
    </ClCompile>
    <ClCompile Include="SampleKeyEventHandler.cpp">
      <Filter>SampleKeyEventHandler</Filter>
    </ClCompile>
    <ClCompile Include="Playablechracter.cpp">
      <Filter>Player</Filter>
    </ClCompile>
    <ClCompile Include="PlayScene.cpp">
      <Filter>Scene</Filter>
    </ClCompile>
    <ClCompile Include="EffectItem.cpp">
      <Filter>EffectItem</Filter>
    </ClCompile>
    <ClCompile Include="Blackfoot.cpp">
      <Filter>Enemy\Blackfoot</Filter>
    </ClCompile>
    <ClCompile Include="Sunami.cpp">
      <Filter>Enemy\Sunami</Filter>
    </ClCompile>
    <ClCompile Include="Eyelet.cpp">
      <Filter>Enemy\Eyelet</Filter>
    </ClCompile>
    <ClCompile Include="main.cpp">
      <Filter>Source Files</Filter>
    </ClCompile>
    <ClCompile Include="Bellbomber.cpp">
      <Filter>Enemy\Bellbomber</Filter>
    </ClCompile>
    <ClCompile Include="SmallJason.cpp">
      <Filter>Player\SmallJason</Filter>
    </ClCompile>
    <ClCompile Include="Ground.cpp">
      <Filter>Enemy\Ground</Filter>
    </ClCompile>
    <ClCompile Include="Global.cpp">
      <Filter>Source Files</Filter>
    </ClCompile>
    <ClCompile Include="Quadtreenode.cpp">
      <Filter>Quadtree</Filter>
    </ClCompile>
    <ClCompile Include="Colision.cpp">
      <Filter>Colision</Filter>
    </ClCompile>
    <ClCompile Include="Playerlevel.cpp">
      <Filter>Player</Filter>
    </ClCompile>
    <ClCompile Include="Enermy.cpp">
      <Filter>Enemy</Filter>
    </ClCompile>
  </ItemGroup>
  <ItemGroup>
    <ClInclude Include="Animation.h">
      <Filter>Animation</Filter>
    </ClInclude>
    <ClInclude Include="Animationframe.h">
      <Filter>Animation</Filter>
    </ClInclude>
    <ClInclude Include="Animations.h">
      <Filter>Animation</Filter>
    </ClInclude>
    <ClInclude Include="Debug.h">
      <Filter>Debug</Filter>
    </ClInclude>
    <ClInclude Include="GameObject.h">
      <Filter>GameObject</Filter>
    </ClInclude>
    <ClInclude Include="Texture.h">
      <Filter>Texture</Filter>
    </ClInclude>
    <ClInclude Include="Textures.h">
      <Filter>Texture</Filter>
    </ClInclude>
    <ClInclude Include="Game.h">
      <Filter>Game</Filter>
    </ClInclude>
    <ClInclude Include="utils.h">
      <Filter>Utils</Filter>
    </ClInclude>
    <ClInclude Include="Sprites.h">
      <Filter>Sprite</Filter>
    </ClInclude>
    <ClInclude Include="Sprite.h">
      <Filter>Sprite</Filter>
    </ClInclude>
    <ClInclude Include="SampleKeyEventHandler.h">
      <Filter>SampleKeyEventHandler</Filter>
    </ClInclude>
    <ClInclude Include="KeyEventHandler.h">
      <Filter>SampleKeyEventHandler</Filter>
    </ClInclude>
    <ClInclude Include="Playablechracter.h">
      <Filter>Player</Filter>
    </ClInclude>
    <ClInclude Include="PlayScene.h">
      <Filter>Scene</Filter>
    </ClInclude>
    <ClInclude Include="Scene.h">
      <Filter>Scene</Filter>
    </ClInclude>
    <ClInclude Include="EffectItem.h">
      <Filter>EffectItem</Filter>
    </ClInclude>
    <ClInclude Include="AssetID.h">
      <Filter>Source Files</Filter>
    </ClInclude>
    <ClInclude Include="Blackfoot.h">
      <Filter>Enemy\Blackfoot</Filter>
    </ClInclude>
    <ClInclude Include="Sunami.h">
      <Filter>Enemy\Sunami</Filter>
    </ClInclude>
    <ClInclude Include="Eyelet.h">
      <Filter>Enemy\Eyelet</Filter>
    </ClInclude>
    <ClInclude Include="Bellbomber.h">
      <Filter>Enemy\Bellbomber</Filter>
    </ClInclude>
    <ClInclude Include="Camera.h">
      <Filter>Camera</Filter>
    </ClInclude>
    <ClInclude Include="SmallJason.h">
      <Filter>Player\SmallJason</Filter>
    </ClInclude>
    <ClInclude Include="Ground.h">
      <Filter>Enemy\Ground</Filter>
    </ClInclude>
    <ClInclude Include="Global.h">
      <Filter>Header Files</Filter>
    </ClInclude>
    <ClInclude Include="Quadtree.h">
      <Filter>Quadtree</Filter>
    </ClInclude>
    <ClInclude Include="Quadtreenode.h">
      <Filter>Quadtree</Filter>
    </ClInclude>
    <ClInclude Include="Colision.h">
      <Filter>Colision</Filter>
    </ClInclude>
    <ClInclude Include="Playerlevel.h">
      <Filter>Player</Filter>
    </ClInclude>
    <ClInclude Include="Enermy.h">
      <Filter>Enemy</Filter>
    </ClInclude>
  </ItemGroup>
  <ItemGroup>
    <Image Include="Icon\Blaster_master_icon.ico">
      <Filter>Resource Files</Filter>
    </Image>
  </ItemGroup>
</Project>